
Microsoft Visual Studio Solution File, Format Version 12.00
# Visual Studio Version 16
VisualStudioVersion = 16.0.30907.101
MinimumVisualStudioVersion = 10.0.40219.1
Project("{9A19103F-16F7-4668-BE54-9A1E7A4F7556}") = "is4inmem", "is4inmem.csproj", "{E2D162A0-C12E-4A77-9171-9FBD9D3AEC3D}"
EndProject
Global
	GlobalSection(SolutionConfigurationPlatforms) = preSolution
		Debug|Any CPU = Debug|Any CPU
		Release|Any CPU = Release|Any CPU
	EndGlobalSection
	GlobalSection(ProjectConfigurationPlatforms) = postSolution
		{E2D162A0-C12E-4A77-9171-9FBD9D3AEC3D}.Debug|Any CPU.ActiveCfg = Debug|Any CPU
		{E2D162A0-C12E-4A77-9171-9FBD9D3AEC3D}.Debug|Any CPU.Build.0 = Debug|Any CPU
		{E2D162A0-C12E-4A77-9171-9FBD9D3AEC3D}.Release|Any CPU.ActiveCfg = Release|Any CPU
		{E2D162A0-C12E-4A77-9171-9FBD9D3AEC3D}.Release|Any CPU.Build.0 = Release|Any CPU
	EndGlobalSection
	GlobalSection(SolutionProperties) = preSolution
		HideSolutionNode = FALSE
	EndGlobalSection
	GlobalSection(ExtensibilityGlobals) = postSolution
		SolutionGuid = {D28B954B-1B00-4250-8781-0A61B79C25DC}
	EndGlobalSection
EndGlobal
